// !$*UTF8*$!
{
	archiveVersion = 1;
	classes = {
	};
	objectVersion = 55;
	objects = {

/* Begin PBXBuildFile section */
		178BF22028842B02003E1B1C /* AppDelegate.swift in Sources */ = {isa = PBXBuildFile; fileRef = 178BF21F28842B02003E1B1C /* AppDelegate.swift */; };
		178BF22228842B02003E1B1C /* SceneDelegate.swift in Sources */ = {isa = PBXBuildFile; fileRef = 178BF22128842B02003E1B1C /* SceneDelegate.swift */; };
		178BF22428842B02003E1B1C /* ViewController.swift in Sources */ = {isa = PBXBuildFile; fileRef = 178BF22328842B02003E1B1C /* ViewController.swift */; };
		178BF22728842B02003E1B1C /* Main.storyboard in Resources */ = {isa = PBXBuildFile; fileRef = 178BF22528842B02003E1B1C /* Main.storyboard */; };
		178BF22928842B05003E1B1C /* Assets.xcassets in Resources */ = {isa = PBXBuildFile; fileRef = 178BF22828842B05003E1B1C /* Assets.xcassets */; };
		178BF22C28842B05003E1B1C /* LaunchScreen.storyboard in Resources */ = {isa = PBXBuildFile; fileRef = 178BF22A28842B05003E1B1C /* LaunchScreen.storyboard */; };
		178BF23428842B70003E1B1C /* MainData.swift in Sources */ = {isa = PBXBuildFile; fileRef = 178BF23328842B70003E1B1C /* MainData.swift */; };
		178BF23628844527003E1B1C /* CurrentWeatherData.swift in Sources */ = {isa = PBXBuildFile; fileRef = 178BF23528844527003E1B1C /* CurrentWeatherData.swift */; };
		178BF238288446AD003E1B1C /* CurrentWeatherParams.swift in Sources */ = {isa = PBXBuildFile; fileRef = 178BF237288446AD003E1B1C /* CurrentWeatherParams.swift */; };
		178BF23C28844705003E1B1C /* WeatherTimeFrameMinute.swift in Sources */ = {isa = PBXBuildFile; fileRef = 178BF23B28844705003E1B1C /* WeatherTimeFrameMinute.swift */; };
		178BF23E28844729003E1B1C /* WeatherTimeFrameHour.swift in Sources */ = {isa = PBXBuildFile; fileRef = 178BF23D28844729003E1B1C /* WeatherTimeFrameHour.swift */; };
		178BF2402884476B003E1B1C /* WeatherTimeFrameDaily.swift in Sources */ = {isa = PBXBuildFile; fileRef = 178BF23F2884476B003E1B1C /* WeatherTimeFrameDaily.swift */; };
		178BF242288447E2003E1B1C /* AlertsDetails.swift in Sources */ = {isa = PBXBuildFile; fileRef = 178BF241288447E2003E1B1C /* AlertsDetails.swift */; };
		179E4BC2288951F30016E77D /* Extensions.swift in Sources */ = {isa = PBXBuildFile; fileRef = 179E4BC1288951F30016E77D /* Extensions.swift */; };
/* End PBXBuildFile section */

/* Begin PBXFileReference section */
		178BF21C28842B02003E1B1C /* CustomDecoder.app */ = {isa = PBXFileReference; explicitFileType = wrapper.application; includeInIndex = 0; path = CustomDecoder.app; sourceTree = BUILT_PRODUCTS_DIR; };
		178BF21F28842B02003E1B1C /* AppDelegate.swift */ = {isa = PBXFileReference; lastKnownFileType = sourcecode.swift; path = AppDelegate.swift; sourceTree = "<group>"; };
		178BF22128842B02003E1B1C /* SceneDelegate.swift */ = {isa = PBXFileReference; lastKnownFileType = sourcecode.swift; path = SceneDelegate.swift; sourceTree = "<group>"; };
		178BF22328842B02003E1B1C /* ViewController.swift */ = {isa = PBXFileReference; lastKnownFileType = sourcecode.swift; path = ViewController.swift; sourceTree = "<group>"; };
		178BF22628842B02003E1B1C /* Base */ = {isa = PBXFileReference; lastKnownFileType = file.storyboard; name = Base; path = Base.lproj/Main.storyboard; sourceTree = "<group>"; };
		178BF22828842B05003E1B1C /* Assets.xcassets */ = {isa = PBXFileReference; lastKnownFileType = folder.assetcatalog; path = Assets.xcassets; sourceTree = "<group>"; };
		178BF22B28842B05003E1B1C /* Base */ = {isa = PBXFileReference; lastKnownFileType = file.storyboard; name = Base; path = Base.lproj/LaunchScreen.storyboard; sourceTree = "<group>"; };
		178BF22D28842B05003E1B1C /* Info.plist */ = {isa = PBXFileReference; lastKnownFileType = text.plist.xml; path = Info.plist; sourceTree = "<group>"; };
		178BF23328842B70003E1B1C /* MainData.swift */ = {isa = PBXFileReference; lastKnownFileType = sourcecode.swift; path = MainData.swift; sourceTree = "<group>"; };
		178BF23528844527003E1B1C /* CurrentWeatherData.swift */ = {isa = PBXFileReference; lastKnownFileType = sourcecode.swift; path = CurrentWeatherData.swift; sourceTree = "<group>"; };
		178BF237288446AD003E1B1C /* CurrentWeatherParams.swift */ = {isa = PBXFileReference; lastKnownFileType = sourcecode.swift; path = CurrentWeatherParams.swift; sourceTree = "<group>"; };
		178BF23B28844705003E1B1C /* WeatherTimeFrameMinute.swift */ = {isa = PBXFileReference; lastKnownFileType = sourcecode.swift; path = WeatherTimeFrameMinute.swift; sourceTree = "<group>"; };
		178BF23D28844729003E1B1C /* WeatherTimeFrameHour.swift */ = {isa = PBXFileReference; lastKnownFileType = sourcecode.swift; path = WeatherTimeFrameHour.swift; sourceTree = "<group>"; };
		178BF23F2884476B003E1B1C /* WeatherTimeFrameDaily.swift */ = {isa = PBXFileReference; lastKnownFileType = sourcecode.swift; path = WeatherTimeFrameDaily.swift; sourceTree = "<group>"; };
		178BF241288447E2003E1B1C /* AlertsDetails.swift */ = {isa = PBXFileReference; lastKnownFileType = sourcecode.swift; path = AlertsDetails.swift; sourceTree = "<group>"; };
		179E4BC1288951F30016E77D /* Extensions.swift */ = {isa = PBXFileReference; lastKnownFileType = sourcecode.swift; path = Extensions.swift; sourceTree = "<group>"; };
/* End PBXFileReference section */

/* Begin PBXFrameworksBuildPhase section */
		178BF21928842B02003E1B1C /* Frameworks */ = {
			isa = PBXFrameworksBuildPhase;
			buildActionMask = 2147483647;
			files = (
			);
			runOnlyForDeploymentPostprocessing = 0;
		};
/* End PBXFrameworksBuildPhase section */

/* Begin PBXGroup section */
		178BF21328842B02003E1B1C = {
			isa = PBXGroup;
			children = (
				178BF21E28842B02003E1B1C /* CustomDecoder */,
				178BF21D28842B02003E1B1C /* Products */,
			);
			sourceTree = "<group>";
		};
		178BF21D28842B02003E1B1C /* Products */ = {
			isa = PBXGroup;
			children = (
				178BF21C28842B02003E1B1C /* CustomDecoder.app */,
			);
			name = Products;
			sourceTree = "<group>";
		};
		178BF21E28842B02003E1B1C /* CustomDecoder */ = {
			isa = PBXGroup;
			children = (
				178BF21F28842B02003E1B1C /* AppDelegate.swift */,
				178BF22128842B02003E1B1C /* SceneDelegate.swift */,
				178BF22328842B02003E1B1C /* ViewController.swift */,
				178BF22528842B02003E1B1C /* Main.storyboard */,
				178BF24428844823003E1B1C /* Data */,
				178BF22828842B05003E1B1C /* Assets.xcassets */,
				178BF22A28842B05003E1B1C /* LaunchScreen.storyboard */,
				178BF22D28842B05003E1B1C /* Info.plist */,
			);
			path = CustomDecoder;
			sourceTree = "<group>";
		};
		178BF24428844823003E1B1C /* Data */ = {
			isa = PBXGroup;
			children = (
				178BF23328842B70003E1B1C /* MainData.swift */,
				178BF241288447E2003E1B1C /* AlertsDetails.swift */,
				178BF23F2884476B003E1B1C /* WeatherTimeFrameDaily.swift */,
				178BF23D28844729003E1B1C /* WeatherTimeFrameHour.swift */,
				178BF23B28844705003E1B1C /* WeatherTimeFrameMinute.swift */,
				178BF23528844527003E1B1C /* CurrentWeatherData.swift */,
				178BF237288446AD003E1B1C /* CurrentWeatherParams.swift */,
				179E4BC1288951F30016E77D /* Extensions.swift */,
			);
			path = Data;
			sourceTree = "<group>";
		};
/* End PBXGroup section */

/* Begin PBXNativeTarget section */
		178BF21B28842B02003E1B1C /* CustomDecoder */ = {
			isa = PBXNativeTarget;
			buildConfigurationList = 178BF23028842B05003E1B1C /* Build configuration list for PBXNativeTarget "CustomDecoder" */;
			buildPhases = (
				178BF21828842B02003E1B1C /* Sources */,
				178BF21928842B02003E1B1C /* Frameworks */,
				178BF21A28842B02003E1B1C /* Resources */,
			);
			buildRules = (
			);
			dependencies = (
			);
			name = CustomDecoder;
			productName = CustomDecoder;
			productReference = 178BF21C28842B02003E1B1C /* CustomDecoder.app */;
			productType = "com.apple.product-type.application";
		};
/* End PBXNativeTarget section */

/* Begin PBXProject section */
		178BF21428842B02003E1B1C /* Project object */ = {
			isa = PBXProject;
			attributes = {
				BuildIndependentTargetsInParallel = 1;
				LastSwiftUpdateCheck = 1340;
				LastUpgradeCheck = 1340;
				TargetAttributes = {
					178BF21B28842B02003E1B1C = {
						CreatedOnToolsVersion = 13.4.1;
					};
				};
			};
			buildConfigurationList = 178BF21728842B02003E1B1C /* Build configuration list for PBXProject "CustomDecoder" */;
			compatibilityVersion = "Xcode 13.0";
			developmentRegion = en;
			hasScannedForEncodings = 0;
			knownRegions = (
				en,
				Base,
			);
			mainGroup = 178BF21328842B02003E1B1C;
			productRefGroup = 178BF21D28842B02003E1B1C /* Products */;
			projectDirPath = "";
			projectRoot = "";
			targets = (
				178BF21B28842B02003E1B1C /* CustomDecoder */,
			);
		};
/* End PBXProject section */

/* Begin PBXResourcesBuildPhase section */
		178BF21A28842B02003E1B1C /* Resources */ = {
			isa = PBXResourcesBuildPhase;
			buildActionMask = 2147483647;
			files = (
				178BF22C28842B05003E1B1C /* LaunchScreen.storyboard in Resources */,
				178BF22928842B05003E1B1C /* Assets.xcassets in Resources */,
				178BF22728842B02003E1B1C /* Main.storyboard in Resources */,
			);
			runOnlyForDeploymentPostprocessing = 0;
		};
/* End PBXResourcesBuildPhase section */

/* Begin PBXSourcesBuildPhase section */
		178BF21828842B02003E1B1C /* Sources */ = {
			isa = PBXSourcesBuildPhase;
			buildActionMask = 2147483647;
			files = (
				178BF238288446AD003E1B1C /* CurrentWeatherParams.swift in Sources */,
				178BF242288447E2003E1B1C /* AlertsDetails.swift in Sources */,
				178BF22428842B02003E1B1C /* ViewController.swift in Sources */,
				178BF23E28844729003E1B1C /* WeatherTimeFrameHour.swift in Sources */,
				178BF23C28844705003E1B1C /* WeatherTimeFrameMinute.swift in Sources */,
				178BF23428842B70003E1B1C /* MainData.swift in Sources */,
				178BF23628844527003E1B1C /* CurrentWeatherData.swift in Sources */,
				178BF22028842B02003E1B1C /* AppDelegate.swift in Sources */,
				178BF22228842B02003E1B1C /* SceneDelegate.swift in Sources */,
				179E4BC2288951F30016E77D /* Extensions.swift in Sources */,
				178BF2402884476B003E1B1C /* WeatherTimeFrameDaily.swift in Sources */,
			);
			runOnlyForDeploymentPostprocessing = 0;
		};
/* End PBXSourcesBuildPhase section */

/* Begin PBXVariantGroup section */
		178BF22528842B02003E1B1C /* Main.storyboard */ = {
			isa = PBXVariantGroup;
			children = (
				178BF22628842B02003E1B1C /* Base */,
			);
			name = Main.storyboard;
			sourceTree = "<group>";
		};
		178BF22A28842B05003E1B1C /* LaunchScreen.storyboard */ = {
			isa = PBXVariantGroup;
			children = (
				178BF22B28842B05003E1B1C /* Base */,
			);
			name = LaunchScreen.storyboard;
			sourceTree = "<group>";
		};
/* End PBXVariantGroup section */

/* Begin XCBuildConfiguration section */
		178BF22E28842B05003E1B1C /* Debug */ = {
			isa = XCBuildConfiguration;
			buildSettings = {
				ALWAYS_SEARCH_USER_PATHS = NO;
				CLANG_ANALYZER_NONNULL = YES;
				CLANG_ANALYZER_NUMBER_OBJECT_CONVERSION = YES_AGGRESSIVE;
				CLANG_CXX_LANGUAGE_STANDARD = "gnu++17";
				CLANG_ENABLE_MODULES = YES;
				CLANG_ENABLE_OBJC_ARC = YES;
				CLANG_ENABLE_OBJC_WEAK = YES;
				CLANG_WARN_BLOCK_CAPTURE_AUTORELEASING = YES;
				CLANG_WARN_BOOL_CONVERSION = YES;
				CLANG_WARN_COMMA = YES;
				CLANG_WARN_CONSTANT_CONVERSION = YES;
				CLANG_WARN_DEPRECATED_OBJC_IMPLEMENTATIONS = YES;
				CLANG_WARN_DIRECT_OBJC_ISA_USAGE = YES_ERROR;
				CLANG_WARN_DOCUMENTATION_COMMENTS = YES;
				CLANG_WARN_EMPTY_BODY = YES;
				CLANG_WARN_ENUM_CONVERSION = YES;
				CLANG_WARN_INFINITE_RECURSION = YES;
				CLANG_WARN_INT_CONVERSION = YES;
				CLANG_WARN_NON_LITERAL_NULL_CONVERSION = YES;
				CLANG_WARN_OBJC_IMPLICIT_RETAIN_SELF = YES;
				CLANG_WARN_OBJC_LITERAL_CONVERSION = YES;
				CLANG_WARN_OBJC_ROOT_CLASS = YES_ERROR;
				CLANG_WARN_QUOTED_INCLUDE_IN_FRAMEWORK_HEADER = YES;
				CLANG_WARN_RANGE_LOOP_ANALYSIS = YES;
				CLANG_WARN_STRICT_PROTOTYPES = YES;
				CLANG_WARN_SUSPICIOUS_MOVE = YES;
				CLANG_WARN_UNGUARDED_AVAILABILITY = YES_AGGRESSIVE;
				CLANG_WARN_UNREACHABLE_CODE = YES;
				CLANG_WARN__DUPLICATE_METHOD_MATCH = YES;
				COPY_PHASE_STRIP = NO;
				DEBUG_INFORMATION_FORMAT = dwarf;
				ENABLE_STRICT_OBJC_MSGSEND = YES;
				ENABLE_TESTABILITY = YES;
				GCC_C_LANGUAGE_STANDARD = gnu11;
				GCC_DYNAMIC_NO_PIC = NO;
				GCC_NO_COMMON_BLOCKS = YES;
				GCC_OPTIMIZATION_LEVEL = 0;
				GCC_PREPROCESSOR_DEFINITIONS = (
					"DEBUG=1",
					"$(inherited)",
				);
				GCC_WARN_64_TO_32_BIT_CONVERSION = YES;
				GCC_WARN_ABOUT_RETURN_TYPE = YES_ERROR;
				GCC_WARN_UNDECLARED_SELECTOR = YES;
				GCC_WARN_UNINITIALIZED_AUTOS = YES_AGGRESSIVE;
				GCC_WARN_UNUSED_FUNCTION = YES;
				GCC_WARN_UNUSED_VARIABLE = YES;
				IPHONEOS_DEPLOYMENT_TARGET = 15.5;
				MTL_ENABLE_DEBUG_INFO = INCLUDE_SOURCE;
				MTL_FAST_MATH = YES;
				ONLY_ACTIVE_ARCH = YES;
				SDKROOT = iphoneos;
				SWIFT_ACTIVE_COMPILATION_CONDITIONS = DEBUG;
				SWIFT_OPTIMIZATION_LEVEL = "-Onone";
			};
			name = Debug;
		};
		178BF22F28842B05003E1B1C /* Release */ = {
			isa = XCBuildConfiguration;
			buildSettings = {
				ALWAYS_SEARCH_USER_PATHS = NO;
				CLANG_ANALYZER_NONNULL = YES;
				CLANG_ANALYZER_NUMBER_OBJECT_CONVERSION = YES_AGGRESSIVE;
				CLANG_CXX_LANGUAGE_STANDARD = "gnu++17";
				CLANG_ENABLE_MODULES = YES;
				CLANG_ENABLE_OBJC_ARC = YES;
				CLANG_ENABLE_OBJC_WEAK = YES;
				CLANG_WARN_BLOCK_CAPTURE_AUTORELEASING = YES;
				CLANG_WARN_BOOL_CONVERSION = YES;
				CLANG_WARN_COMMA = YES;
				CLANG_WARN_CONSTANT_CONVERSION = YES;
				CLANG_WARN_DEPRECATED_OBJC_IMPLEMENTATIONS = YES;
				CLANG_WARN_DIRECT_OBJC_ISA_USAGE = YES_ERROR;
				CLANG_WARN_DOCUMENTATION_COMMENTS = YES;
				CLANG_WARN_EMPTY_BODY = YES;
				CLANG_WARN_ENUM_CONVERSION = YES;
				CLANG_WARN_INFINITE_RECURSION = YES;
				CLANG_WARN_INT_CONVERSION = YES;
				CLANG_WARN_NON_LITERAL_NULL_CONVERSION = YES;
				CLANG_WARN_OBJC_IMPLICIT_RETAIN_SELF = YES;
				CLANG_WARN_OBJC_LITERAL_CONVERSION = YES;
				CLANG_WARN_OBJC_ROOT_CLASS = YES_ERROR;
				CLANG_WARN_QUOTED_INCLUDE_IN_FRAMEWORK_HEADER = YES;
				CLANG_WARN_RANGE_LOOP_ANALYSIS = YES;
				CLANG_WARN_STRICT_PROTOTYPES = YES;
				CLANG_WARN_SUSPICIOUS_MOVE = YES;
				CLANG_WARN_UNGUARDED_AVAILABILITY = YES_AGGRESSIVE;
				CLANG_WARN_UNREACHABLE_CODE = YES;
				CLANG_WARN__DUPLICATE_METHOD_MATCH = YES;
				COPY_PHASE_STRIP = NO;
				DEBUG_INFORMATION_FORMAT = "dwarf-with-dsym";
				ENABLE_NS_ASSERTIONS = NO;
				ENABLE_STRICT_OBJC_MSGSEND = YES;
				GCC_C_LANGUAGE_STANDARD = gnu11;
				GCC_NO_COMMON_BLOCKS = YES;
				GCC_WARN_64_TO_32_BIT_CONVERSION = YES;
				GCC_WARN_ABOUT_RETURN_TYPE = YES_ERROR;
				GCC_WARN_UNDECLARED_SELECTOR = YES;
				GCC_WARN_UNINITIALIZED_AUTOS = YES_AGGRESSIVE;
				GCC_WARN_UNUSED_FUNCTION = YES;
				GCC_WARN_UNUSED_VARIABLE = YES;
				IPHONEOS_DEPLOYMENT_TARGET = 15.5;
				MTL_ENABLE_DEBUG_INFO = NO;
				MTL_FAST_MATH = YES;
				SDKROOT = iphoneos;
				SWIFT_COMPILATION_MODE = wholemodule;
				SWIFT_OPTIMIZATION_LEVEL = "-O";
				VALIDATE_PRODUCT = YES;
			};
			name = Release;
		};
		178BF23128842B05003E1B1C /* Debug */ = {
			isa = XCBuildConfiguration;
			buildSettings = {
				ASSETCATALOG_COMPILER_APPICON_NAME = AppIcon;
				ASSETCATALOG_COMPILER_GLOBAL_ACCENT_COLOR_NAME = AccentColor;
				CODE_SIGN_STYLE = Automatic;
				CURRENT_PROJECT_VERSION = 1;
				DEVELOPMENT_TEAM = QFN7P6T3H7;
				GENERATE_INFOPLIST_FILE = YES;
				INFOPLIST_FILE = CustomDecoder/Info.plist;
				INFOPLIST_KEY_UIApplicationSupportsIndirectInputEvents = YES;
				INFOPLIST_KEY_UILaunchStoryboardName = LaunchScreen;
				INFOPLIST_KEY_UIMainStoryboardFile = Main;
				INFOPLIST_KEY_UISupportedInterfaceOrientations_iPad = "UIInterfaceOrientationPortrait UIInterfaceOrientationPortraitUpsideDown UIInterfaceOrientationLandscapeLeft UIInterfaceOrientationLandscapeRight";
				INFOPLIST_KEY_UISupportedInterfaceOrientations_iPhone = "UIInterfaceOrientationPortrait UIInterfaceOrientationLandscapeLeft UIInterfaceOrientationLandscapeRight";
				LD_RUNPATH_SEARCH_PATHS = (
					"$(inherited)",
					"@executable_path/Frameworks",
				);
				MARKETING_VERSION = 1.0;
				PRODUCT_BUNDLE_IDENTIFIER = ua.CustomDecoder;
				PRODUCT_NAME = "$(TARGET_NAME)";
				SWIFT_EMIT_LOC_STRINGS = YES;
				SWIFT_VERSION = 5.0;
				TARGETED_DEVICE_FAMILY = "1,2";
			};
			name = Debug;
		};
		178BF23228842B05003E1B1C /* Release */ = {
			isa = XCBuildConfiguration;
			buildSettings = {
				ASSETCATALOG_COMPILER_APPICON_NAME = AppIcon;
				ASSETCATALOG_COMPILER_GLOBAL_ACCENT_COLOR_NAME = AccentColor;
				CODE_SIGN_STYLE = Automatic;
				CURRENT_PROJECT_VERSION = 1;
				DEVELOPMENT_TEAM = QFN7P6T3H7;
				GENERATE_INFOPLIST_FILE = YES;
				INFOPLIST_FILE = CustomDecoder/Info.plist;
				INFOPLIST_KEY_UIApplicationSupportsIndirectInputEvents = YES;
				INFOPLIST_KEY_UILaunchStoryboardName = LaunchScreen;
				INFOPLIST_KEY_UIMainStoryboardFile = Main;
				INFOPLIST_KEY_UISupportedInterfaceOrientations_iPad = "UIInterfaceOrientationPortrait UIInterfaceOrientationPortraitUpsideDown UIInterfaceOrientationLandscapeLeft UIInterfaceOrientationLandscapeRight";
				INFOPLIST_KEY_UISupportedInterfaceOrientations_iPhone = "UIInterfaceOrientationPortrait UIInterfaceOrientationLandscapeLeft UIInterfaceOrientationLandscapeRight";
				LD_RUNPATH_SEARCH_PATHS = (
					"$(inherited)",
					"@executable_path/Frameworks",
				);
				MARKETING_VERSION = 1.0;
				PRODUCT_BUNDLE_IDENTIFIER = ua.CustomDecoder;
				PRODUCT_NAME = "$(TARGET_NAME)";
				SWIFT_EMIT_LOC_STRINGS = YES;
				SWIFT_VERSION = 5.0;
				TARGETED_DEVICE_FAMILY = "1,2";
			};
			name = Release;
		};
/* End XCBuildConfiguration section */

/* Begin XCConfigurationList section */
		178BF21728842B02003E1B1C /* Build configuration list for PBXProject "CustomDecoder" */ = {
			isa = XCConfigurationList;
			buildConfigurations = (
				178BF22E28842B05003E1B1C /* Debug */,
				178BF22F28842B05003E1B1C /* Release */,
			);
			defaultConfigurationIsVisible = 0;
			defaultConfigurationName = Release;
		};
		178BF23028842B05003E1B1C /* Build configuration list for PBXNativeTarget "CustomDecoder" */ = {
			isa = XCConfigurationList;
			buildConfigurations = (
				178BF23128842B05003E1B1C /* Debug */,
				178BF23228842B05003E1B1C /* Release */,
			);
			defaultConfigurationIsVisible = 0;
			defaultConfigurationName = Release;
		};
/* End XCConfigurationList section */
	};
	rootObject = 178BF21428842B02003E1B1C /* Project object */;
}
